
Microsoft Visual Studio Solution File, Format Version 12.00
# Visual Studio Version 17
VisualStudioVersion = 17.14.36414.22
MinimumVisualStudioVersion = 10.0.40219.1
Project("{2150E333-8FDC-42A3-9474-1A3956D46DE8}") = "src", "src", "{02EA681E-C7D8-13C7-8484-4AC65E1B71E8}"
EndProject
Project("{2150E333-8FDC-42A3-9474-1A3956D46DE8}") = "BuildingBlocks", "BuildingBlocks", "{0EA79125-D41E-48E8-8AFE-A76320ED79A7}"
EndProject
Project("{2150E333-8FDC-42A3-9474-1A3956D46DE8}") = "Services", "Services", "{14C3C0DC-D1B8-47F2-A816-974498E6A8A3}"
EndProject
Project("{2150E333-8FDC-42A3-9474-1A3956D46DE8}") = "Web", "Web", "{7E37256A-1E4B-4C60-92BA-23E78855BE43}"
EndProject
Project("{2150E333-8FDC-42A3-9474-1A3956D46DE8}") = "Identity", "Identity", "{9D6131F7-8219-4F89-9AD2-3ED6ADD6F81B}"
EndProject
Project("{2150E333-8FDC-42A3-9474-1A3956D46DE8}") = "Core", "Core", "{518DA23C-E209-4EE2-A609-593C11153A92}"
EndProject
Project("{2150E333-8FDC-42A3-9474-1A3956D46DE8}") = "MVC", "MVC", "{EEABE122-F738-4E80-ABB3-33AAE278FBD9}"
EndProject
Project("{FAE04EC0-301F-11D3-BF4B-00C04F79EFBC}") = "NSE.Identity.API", "src\Services\NSE.Identity.API\NSE.Identity.API.csproj", "{37F611CB-9B5F-4E47-A7D7-44B3AD6E3CBC}"
EndProject
Project("{FAE04EC0-301F-11D3-BF4B-00C04F79EFBC}") = "NSE.WebApp.MVC", "src\Web\NSE.WebApp.MVC\NSE.WebApp.MVC.csproj", "{272D04B0-1E0B-4618-BBD4-8531FEE796EF}"
EndProject
Project("{FAE04EC0-301F-11D3-BF4B-00C04F79EFBC}") = "NSE.Core", "src\BuildingBlocks\NSE.Core\NSE.Core.csproj", "{2D1395A6-635D-4987-A21D-F81F13FFB6FA}"
EndProject
Project("{2150E333-8FDC-42A3-9474-1A3956D46DE8}") = "ShoppingCart", "ShoppingCart", "{8AB838DB-C4FD-4014-ADEF-906297E4C3BD}"
EndProject
Project("{FAE04EC0-301F-11D3-BF4B-00C04F79EFBC}") = "NSE.ShoppingCart.API", "src\Services\NSE.ShoppingCart.API\NSE.ShoppingCart.API.csproj", "{848AE4E4-A206-4D4E-864F-5971D4E406F6}"
EndProject
Project("{2150E333-8FDC-42A3-9474-1A3956D46DE8}") = "Catalog", "Catalog", "{B846E061-F030-422F-B59E-937E4521AEF5}"
EndProject
Project("{FAE04EC0-301F-11D3-BF4B-00C04F79EFBC}") = "NSE.Catalog.API", "src\Services\NSE.Catalog.API\NSE.Catalog.API.csproj", "{987A803D-6A32-436A-AC40-5E11099CF43B}"
EndProject
Project("{2150E333-8FDC-42A3-9474-1A3956D46DE8}") = "Customer", "Customer", "{6B1E42D4-84CB-4ED3-A1A0-D9944E290049}"
EndProject
Project("{FAE04EC0-301F-11D3-BF4B-00C04F79EFBC}") = "NSE.Custumer.API", "src\Services\NSE.Custumer.API\NSE.Custumer.API.csproj", "{1575BB61-C7A9-48F1-A54C-3354B9C865DA}"
EndProject
Project("{2150E333-8FDC-42A3-9474-1A3956D46DE8}") = "Payment", "Payment", "{407F5AF7-6D1C-480E-A722-681BB5B5C71A}"
EndProject
Project("{FAE04EC0-301F-11D3-BF4B-00C04F79EFBC}") = "NSE.Payment.API", "src\Services\NSE.Payment.API\NSE.Payment.API.csproj", "{B3599485-F1CE-4EBB-B0A2-D1AFCE172D53}"
EndProject
Project("{2150E333-8FDC-42A3-9474-1A3956D46DE8}") = "Orders", "Orders", "{52248F0F-B86B-4676-82DE-92BCC1A3B79A}"
EndProject
Project("{FAE04EC0-301F-11D3-BF4B-00C04F79EFBC}") = "NSE.Orders.API", "src\Services\NSE.Orders.API\NSE.Orders.API.csproj", "{3894E52B-CC57-471F-BA44-B522A6B2821A}"
EndProject
Global
	GlobalSection(SolutionConfigurationPlatforms) = preSolution
		Debug|Any CPU = Debug|Any CPU
		Release|Any CPU = Release|Any CPU
	EndGlobalSection
	GlobalSection(ProjectConfigurationPlatforms) = postSolution
		{37F611CB-9B5F-4E47-A7D7-44B3AD6E3CBC}.Debug|Any CPU.ActiveCfg = Debug|Any CPU
		{37F611CB-9B5F-4E47-A7D7-44B3AD6E3CBC}.Debug|Any CPU.Build.0 = Debug|Any CPU
		{37F611CB-9B5F-4E47-A7D7-44B3AD6E3CBC}.Release|Any CPU.ActiveCfg = Release|Any CPU
		{37F611CB-9B5F-4E47-A7D7-44B3AD6E3CBC}.Release|Any CPU.Build.0 = Release|Any CPU
		{272D04B0-1E0B-4618-BBD4-8531FEE796EF}.Debug|Any CPU.ActiveCfg = Debug|Any CPU
		{272D04B0-1E0B-4618-BBD4-8531FEE796EF}.Debug|Any CPU.Build.0 = Debug|Any CPU
		{272D04B0-1E0B-4618-BBD4-8531FEE796EF}.Release|Any CPU.ActiveCfg = Release|Any CPU
		{272D04B0-1E0B-4618-BBD4-8531FEE796EF}.Release|Any CPU.Build.0 = Release|Any CPU
		{2D1395A6-635D-4987-A21D-F81F13FFB6FA}.Debug|Any CPU.ActiveCfg = Debug|Any CPU
		{2D1395A6-635D-4987-A21D-F81F13FFB6FA}.Debug|Any CPU.Build.0 = Debug|Any CPU
		{2D1395A6-635D-4987-A21D-F81F13FFB6FA}.Release|Any CPU.ActiveCfg = Release|Any CPU
		{2D1395A6-635D-4987-A21D-F81F13FFB6FA}.Release|Any CPU.Build.0 = Release|Any CPU
		{848AE4E4-A206-4D4E-864F-5971D4E406F6}.Debug|Any CPU.ActiveCfg = Debug|Any CPU
		{848AE4E4-A206-4D4E-864F-5971D4E406F6}.Debug|Any CPU.Build.0 = Debug|Any CPU
		{848AE4E4-A206-4D4E-864F-5971D4E406F6}.Release|Any CPU.ActiveCfg = Release|Any CPU
		{848AE4E4-A206-4D4E-864F-5971D4E406F6}.Release|Any CPU.Build.0 = Release|Any CPU
		{987A803D-6A32-436A-AC40-5E11099CF43B}.Debug|Any CPU.ActiveCfg = Debug|Any CPU
		{987A803D-6A32-436A-AC40-5E11099CF43B}.Debug|Any CPU.Build.0 = Debug|Any CPU
		{987A803D-6A32-436A-AC40-5E11099CF43B}.Release|Any CPU.ActiveCfg = Release|Any CPU
		{987A803D-6A32-436A-AC40-5E11099CF43B}.Release|Any CPU.Build.0 = Release|Any CPU
		{1575BB61-C7A9-48F1-A54C-3354B9C865DA}.Debug|Any CPU.ActiveCfg = Debug|Any CPU
		{1575BB61-C7A9-48F1-A54C-3354B9C865DA}.Debug|Any CPU.Build.0 = Debug|Any CPU
		{1575BB61-C7A9-48F1-A54C-3354B9C865DA}.Release|Any CPU.ActiveCfg = Release|Any CPU
		{1575BB61-C7A9-48F1-A54C-3354B9C865DA}.Release|Any CPU.Build.0 = Release|Any CPU
		{B3599485-F1CE-4EBB-B0A2-D1AFCE172D53}.Debug|Any CPU.ActiveCfg = Debug|Any CPU
		{B3599485-F1CE-4EBB-B0A2-D1AFCE172D53}.Debug|Any CPU.Build.0 = Debug|Any CPU
		{B3599485-F1CE-4EBB-B0A2-D1AFCE172D53}.Release|Any CPU.ActiveCfg = Release|Any CPU
		{B3599485-F1CE-4EBB-B0A2-D1AFCE172D53}.Release|Any CPU.Build.0 = Release|Any CPU
		{3894E52B-CC57-471F-BA44-B522A6B2821A}.Debug|Any CPU.ActiveCfg = Debug|Any CPU
		{3894E52B-CC57-471F-BA44-B522A6B2821A}.Debug|Any CPU.Build.0 = Debug|Any CPU
		{3894E52B-CC57-471F-BA44-B522A6B2821A}.Release|Any CPU.ActiveCfg = Release|Any CPU
		{3894E52B-CC57-471F-BA44-B522A6B2821A}.Release|Any CPU.Build.0 = Release|Any CPU
	EndGlobalSection
	GlobalSection(SolutionProperties) = preSolution
		HideSolutionNode = FALSE
	EndGlobalSection
	GlobalSection(NestedProjects) = preSolution
		{0EA79125-D41E-48E8-8AFE-A76320ED79A7} = {02EA681E-C7D8-13C7-8484-4AC65E1B71E8}
		{14C3C0DC-D1B8-47F2-A816-974498E6A8A3} = {02EA681E-C7D8-13C7-8484-4AC65E1B71E8}
		{7E37256A-1E4B-4C60-92BA-23E78855BE43} = {02EA681E-C7D8-13C7-8484-4AC65E1B71E8}
		{9D6131F7-8219-4F89-9AD2-3ED6ADD6F81B} = {14C3C0DC-D1B8-47F2-A816-974498E6A8A3}
		{518DA23C-E209-4EE2-A609-593C11153A92} = {0EA79125-D41E-48E8-8AFE-A76320ED79A7}
		{EEABE122-F738-4E80-ABB3-33AAE278FBD9} = {7E37256A-1E4B-4C60-92BA-23E78855BE43}
		{37F611CB-9B5F-4E47-A7D7-44B3AD6E3CBC} = {9D6131F7-8219-4F89-9AD2-3ED6ADD6F81B}
		{272D04B0-1E0B-4618-BBD4-8531FEE796EF} = {EEABE122-F738-4E80-ABB3-33AAE278FBD9}
		{2D1395A6-635D-4987-A21D-F81F13FFB6FA} = {518DA23C-E209-4EE2-A609-593C11153A92}
		{8AB838DB-C4FD-4014-ADEF-906297E4C3BD} = {14C3C0DC-D1B8-47F2-A816-974498E6A8A3}
		{848AE4E4-A206-4D4E-864F-5971D4E406F6} = {8AB838DB-C4FD-4014-ADEF-906297E4C3BD}
		{B846E061-F030-422F-B59E-937E4521AEF5} = {14C3C0DC-D1B8-47F2-A816-974498E6A8A3}
		{987A803D-6A32-436A-AC40-5E11099CF43B} = {B846E061-F030-422F-B59E-937E4521AEF5}
		{6B1E42D4-84CB-4ED3-A1A0-D9944E290049} = {14C3C0DC-D1B8-47F2-A816-974498E6A8A3}
		{1575BB61-C7A9-48F1-A54C-3354B9C865DA} = {6B1E42D4-84CB-4ED3-A1A0-D9944E290049}
		{407F5AF7-6D1C-480E-A722-681BB5B5C71A} = {14C3C0DC-D1B8-47F2-A816-974498E6A8A3}
		{B3599485-F1CE-4EBB-B0A2-D1AFCE172D53} = {407F5AF7-6D1C-480E-A722-681BB5B5C71A}
		{52248F0F-B86B-4676-82DE-92BCC1A3B79A} = {14C3C0DC-D1B8-47F2-A816-974498E6A8A3}
		{3894E52B-CC57-471F-BA44-B522A6B2821A} = {52248F0F-B86B-4676-82DE-92BCC1A3B79A}
	EndGlobalSection
	GlobalSection(ExtensibilityGlobals) = postSolution
		SolutionGuid = {13E86CFC-F23F-4C8F-9C25-D609B8EFC573}
	EndGlobalSection
EndGlobal
